
Microsoft Visual Studio Solution File, Format Version 12.00
# Visual Studio Version 16
VisualStudioVersion = 16.0.28803.202
MinimumVisualStudioVersion = 10.0.40219.1
Project("{FAE04EC0-301F-11D3-BF4B-00C04F79EFBC}") = "3", "3\3.csproj", "{AC3448B7-339E-4B42-BC70-03659D5AA44D}"
EndProject
Global
	GlobalSection(SolutionConfigurationPlatforms) = preSolution
		Debug|Any CPU = Debug|Any CPU
		Release|Any CPU = Release|Any CPU
	EndGlobalSection
	GlobalSection(ProjectConfigurationPlatforms) = postSolution
		{AC3448B7-339E-4B42-BC70-03659D5AA44D}.Debug|Any CPU.ActiveCfg = Debug|Any CPU
		{AC3448B7-339E-4B42-BC70-03659D5AA44D}.Debug|Any CPU.Build.0 = Debug|Any CPU
		{AC3448B7-339E-4B42-BC70-03659D5AA44D}.Release|Any CPU.ActiveCfg = Release|Any CPU
		{AC3448B7-339E-4B42-BC70-03659D5AA44D}.Release|Any CPU.Build.0 = Release|Any CPU
	EndGlobalSection
	GlobalSection(SolutionProperties) = preSolution
		HideSolutionNode = FALSE
	EndGlobalSection
	GlobalSection(ExtensibilityGlobals) = postSolution
		SolutionGuid = {6DFEF5C7-454F-466D-B220-E3A7AFD27430}
	EndGlobalSection
EndGlobal
